
Microsoft Visual Studio Solution File, Format Version 12.00
# Visual Studio 15
VisualStudioVersion = 15.0.28307.1022
MinimumVisualStudioVersion = 10.0.40219.1
Project("{FAE04EC0-301F-11D3-BF4B-00C04F79EFBC}") = "blueBrowser", "blueBrowser\blueBrowser.csproj", "{858CA37C-CF76-4F04-B53C-752F02B381DD}"
EndProject
Global
	GlobalSection(SolutionConfigurationPlatforms) = preSolution
		Debug|Any CPU = Debug|Any CPU
		Release|Any CPU = Release|Any CPU
	EndGlobalSection
	GlobalSection(ProjectConfigurationPlatforms) = postSolution
		{858CA37C-CF76-4F04-B53C-752F02B381DD}.Debug|Any CPU.ActiveCfg = Debug|Any CPU
		{858CA37C-CF76-4F04-B53C-752F02B381DD}.Debug|Any CPU.Build.0 = Debug|Any CPU
		{858CA37C-CF76-4F04-B53C-752F02B381DD}.Release|Any CPU.ActiveCfg = Release|Any CPU
		{858CA37C-CF76-4F04-B53C-752F02B381DD}.Release|Any CPU.Build.0 = Release|Any CPU
	EndGlobalSection
	GlobalSection(SolutionProperties) = preSolution
		HideSolutionNode = FALSE
	EndGlobalSection
	GlobalSection(ExtensibilityGlobals) = postSolution
		SolutionGuid = {5AE4E8E2-8022-4049-AF67-EFD7B9B225E3}
	EndGlobalSection
EndGlobal
